
Microsoft Visual Studio Solution File, Format Version 12.00
Project("{FAE04EC0-301F-11D3-BF4B-00C04F79EFBC}") = "TupleAssignmentAndDeconstruction", "TupleAssignmentAndDeconstruction\TupleAssignmentAndDeconstruction.csproj", "{20B5B48B-043B-48D1-ABE5-C1B136D192A9}"
EndProject
Project("{FAE04EC0-301F-11D3-BF4B-00C04F79EFBC}") = "BenchMarkSample", "BenchMarkSample\BenchMarkSample.csproj", "{86E2A1E5-6891-4413-BC84-34BFE6DC7318}"
EndProject
Project("{FAE04EC0-301F-11D3-BF4B-00C04F79EFBC}") = "DependencyInjectionLifetimeSample", "DependencyInjectionLifetimeSample\DependencyInjectionLifetimeSample.csproj", "{01C93AFC-C67C-4978-95D9-8EB9FCD1CDEE}"
EndProject
Project("{FAE04EC0-301F-11D3-BF4B-00C04F79EFBC}") = "ReferenceTypeValueSample", "ReferenceTypeValueSample\ReferenceTypeValueSample.csproj", "{B440DD55-0E97-4F23-8488-93B0A0EDA189}"
EndProject
Global
	GlobalSection(SolutionConfigurationPlatforms) = preSolution
		Debug|Any CPU = Debug|Any CPU
		Release|Any CPU = Release|Any CPU
	EndGlobalSection
	GlobalSection(ProjectConfigurationPlatforms) = postSolution
		{20B5B48B-043B-48D1-ABE5-C1B136D192A9}.Debug|Any CPU.ActiveCfg = Debug|Any CPU
		{20B5B48B-043B-48D1-ABE5-C1B136D192A9}.Debug|Any CPU.Build.0 = Debug|Any CPU
		{20B5B48B-043B-48D1-ABE5-C1B136D192A9}.Release|Any CPU.ActiveCfg = Release|Any CPU
		{20B5B48B-043B-48D1-ABE5-C1B136D192A9}.Release|Any CPU.Build.0 = Release|Any CPU
		{86E2A1E5-6891-4413-BC84-34BFE6DC7318}.Debug|Any CPU.ActiveCfg = Debug|Any CPU
		{86E2A1E5-6891-4413-BC84-34BFE6DC7318}.Debug|Any CPU.Build.0 = Debug|Any CPU
		{86E2A1E5-6891-4413-BC84-34BFE6DC7318}.Release|Any CPU.ActiveCfg = Release|Any CPU
		{86E2A1E5-6891-4413-BC84-34BFE6DC7318}.Release|Any CPU.Build.0 = Release|Any CPU
		{01C93AFC-C67C-4978-95D9-8EB9FCD1CDEE}.Debug|Any CPU.ActiveCfg = Debug|Any CPU
		{01C93AFC-C67C-4978-95D9-8EB9FCD1CDEE}.Debug|Any CPU.Build.0 = Debug|Any CPU
		{01C93AFC-C67C-4978-95D9-8EB9FCD1CDEE}.Release|Any CPU.ActiveCfg = Release|Any CPU
		{01C93AFC-C67C-4978-95D9-8EB9FCD1CDEE}.Release|Any CPU.Build.0 = Release|Any CPU
		{B440DD55-0E97-4F23-8488-93B0A0EDA189}.Debug|Any CPU.ActiveCfg = Debug|Any CPU
		{B440DD55-0E97-4F23-8488-93B0A0EDA189}.Debug|Any CPU.Build.0 = Debug|Any CPU
		{B440DD55-0E97-4F23-8488-93B0A0EDA189}.Release|Any CPU.ActiveCfg = Release|Any CPU
		{B440DD55-0E97-4F23-8488-93B0A0EDA189}.Release|Any CPU.Build.0 = Release|Any CPU
	EndGlobalSection
EndGlobal
